schema: '2.0'
stages:
  preprocess:
    cmd: python3 src/data_preprocessing/preprocessing.py
    deps:
    - path: data/raw
      hash: md5
      md5: 61b7a787bd026118045a32591f4ad352.dir
      size: 5079756
      nfiles: 2
    - path: src/data_preprocessing/preprocessing.py
      hash: md5
      md5: 6a3646f6f1eeefe68d294e5404d75c83
      size: 2630
    outs:
    - path: data/interim
      hash: md5
      md5: ef221d4fed959654de3103556b6de82a.dir
      size: 4777430
      nfiles: 2
  ingest:
    cmd: python3 src/data_ingestion/ingest.py
    deps:
    - path: data/bbc_data.csv
      hash: md5
      md5: 680fb8f968e19c7b60a94158501f1eae
      size: 5079744
    - path: src/data_ingestion/ingest.py
      hash: md5
      md5: e35a0a4129d5a7ac1f87b22953890eb5
      size: 1021
    outs:
    - path: data/raw
      hash: md5
      md5: 61b7a787bd026118045a32591f4ad352.dir
      size: 5079756
      nfiles: 2
  feature_engg:
    cmd: python3 src/feature_engineering/fe.py
    deps:
    - path: data/interim
      hash: md5
      md5: ef221d4fed959654de3103556b6de82a.dir
      size: 4777430
      nfiles: 2
    - path: src/feature_engineering/fe.py
      hash: md5
      md5: ace61055cde5d7d7be3e350f127ec025
      size: 2064
    outs:
    - path: data/external
      hash: md5
      md5: 3a19a31de0758801885e594ce05cad92.dir
      size: 2553810
      nfiles: 2
  train:
    cmd: python3 src/models/model_train.py
    deps:
    - path: data/external
      hash: md5
      md5: 3a19a31de0758801885e594ce05cad92.dir
      size: 2553810
      nfiles: 2
    - path: src/models/model_train.py
      hash: md5
      md5: c58fffdc407d57fddc20db32516002b8
      size: 3853
